<?xml version="1.0" encoding="utf-8"?>
<Project ToolsVersion="4.0" xmlns="http://schemas.microsoft.com/developer/msbuild/2003">
  <ItemGroup>
    <Filter Include="system">
      <UniqueIdentifier>{22dd8095-74f9-46df-81a1-36675a040b1f}</UniqueIdentifier>
    </Filter>
    <Filter Include="Enemy">
      <UniqueIdentifier>{2e99cffe-1036-40c7-98d7-9fc8016d775d}</UniqueIdentifier>
    </Filter>
    <Filter Include="Stage">
      <UniqueIdentifier>{5b92bdbc-d843-413a-8a10-950dc2ccb504}</UniqueIdentifier>
    </Filter>
  </ItemGroup>
  <ItemGroup>
    <ClCompile Include="stdafx.cpp" />
    <ClCompile Include="main.cpp" />
    <ClCompile Include="system\system.cpp">
      <Filter>system</Filter>
    </ClCompile>
    <ClCompile Include="Debug.cpp" />
    <ClCompile Include="Player.cpp" />
    <ClCompile Include="Enemy\Enemy_Stone.cpp">
      <Filter>Enemy</Filter>
    </ClCompile>
    <ClCompile Include="Enemy\Enemy_Mushroom.cpp">
      <Filter>Enemy</Filter>
    </ClCompile>
    <ClCompile Include="Enemy\Enemy_Slime.cpp">
      <Filter>Enemy</Filter>
    </ClCompile>
    <ClCompile Include="Enemy\EnemyBasic.cpp">
      <Filter>Enemy</Filter>
    </ClCompile>
    <ClCompile Include="Stage\BackGround.cpp">
      <Filter>Stage</Filter>
    </ClCompile>
    <ClCompile Include="GameCamera.cpp" />
    <ClCompile Include="Stage\Object\Crystal.cpp" />
    <ClCompile Include="UI\PlayerStatusGauge.cpp" />
    <ClCompile Include="UI\PressAndHoldGauge.cpp" />
    <ClCompile Include="Scene\Game.cpp" />
    <ClCompile Include="Scene\Title.cpp" />
    <ClCompile Include="Stage\PhysicsGhost.cpp" />
    <ClCompile Include="Scene\GameResult.cpp" />
    <ClCompile Include="SaveDataManager.cpp" />
    <ClCompile Include="NameEntry.cpp" />
    <ClCompile Include="Ranking.cpp" />
  </ItemGroup>
  <ItemGroup>
    <ClInclude Include="stdafx.h" />
    <ClInclude Include="system\system.h">
      <Filter>system</Filter>
    </ClInclude>
    <ClInclude Include="Debug.h" />
    <ClInclude Include="Player.h" />
    <ClInclude Include="Enemy\Enemy_Stone.h">
      <Filter>Enemy</Filter>
    </ClInclude>
    <ClInclude Include="Enemy\Enemy_Mushroom.h">
      <Filter>Enemy</Filter>
    </ClInclude>
    <ClInclude Include="Enemy\Enemy_Slime.h">
      <Filter>Enemy</Filter>
    </ClInclude>
    <ClInclude Include="Enemy\EnemyBasic.h">
      <Filter>Enemy</Filter>
    </ClInclude>
    <ClInclude Include="Stage\BackGround.h">
      <Filter>Stage</Filter>
    </ClInclude>
    <ClInclude Include="GameCamera.h" />
    <ClInclude Include="Stage\Object\Crystal.h" />
    <ClInclude Include="UI\PlayerStatusGauge.h" />
    <ClInclude Include="UI\PressAndHoldGauge.h" />
    <ClInclude Include="Scene\Game.h" />
    <ClInclude Include="Scene\Title.h" />
    <ClInclude Include="Stage\PhysicsGhost.h" />
    <ClInclude Include="Scene\GameResult.h" />
    <ClInclude Include="SaveDataManager.h" />
    <ClInclude Include="NameEntry.h" />
    <ClInclude Include="Ranking.h" />
  </ItemGroup>
</Project>